
Microsoft Visual Studio Solution File, Format Version 12.00
# Visual Studio Version 17
VisualStudioVersion = 17.0.31912.275
MinimumVisualStudioVersion = 10.0.40219.1
Project("{FAE04EC0-301F-11D3-BF4B-00C04F79EFBC}") = "NTUB.BookStore.Site", "NTUB.BookStore.Site.csproj", "{6BEFBE91-DF32-46B0-8000-CFF47151F0EE}"
EndProject
Global
	GlobalSection(SolutionConfigurationPlatforms) = preSolution
		Debug|Any CPU = Debug|Any CPU
		Release|Any CPU = Release|Any CPU
	EndGlobalSection
	GlobalSection(ProjectConfigurationPlatforms) = postSolution
		{6BEFBE91-DF32-46B0-8000-CFF47151F0EE}.Debug|Any CPU.ActiveCfg = Debug|Any CPU
		{6BEFBE91-DF32-46B0-8000-CFF47151F0EE}.Debug|Any CPU.Build.0 = Debug|Any CPU
		{6BEFBE91-DF32-46B0-8000-CFF47151F0EE}.Release|Any CPU.ActiveCfg = Release|Any CPU
		{6BEFBE91-DF32-46B0-8000-CFF47151F0EE}.Release|Any CPU.Build.0 = Release|Any CPU
	EndGlobalSection
	GlobalSection(SolutionProperties) = preSolution
		HideSolutionNode = FALSE
	EndGlobalSection
	GlobalSection(ExtensibilityGlobals) = postSolution
		SolutionGuid = {D60346FF-D764-48DB-82AF-9AF53D7B5F20}
	EndGlobalSection
EndGlobal
